
Microsoft Visual Studio Solution File, Format Version 12.00
# Visual Studio Version 17
VisualStudioVersion = 17.1.32210.238
MinimumVisualStudioVersion = 10.0.40219.1
Project("{FAE04EC0-301F-11D3-BF4B-00C04F79EFBC}") = "30SecondsSwil", "30SecondsSwil\30SecondsSwil.csproj", "{6723A228-F5F0-4510-BB6E-A1507304D4FA}"
EndProject
Global
	GlobalSection(SolutionConfigurationPlatforms) = preSolution
		Debug|Any CPU = Debug|Any CPU
		Release|Any CPU = Release|Any CPU
	EndGlobalSection
	GlobalSection(ProjectConfigurationPlatforms) = postSolution
		{6723A228-F5F0-4510-BB6E-A1507304D4FA}.Debug|Any CPU.ActiveCfg = Debug|Any CPU
		{6723A228-F5F0-4510-BB6E-A1507304D4FA}.Debug|Any CPU.Build.0 = Debug|Any CPU
		{6723A228-F5F0-4510-BB6E-A1507304D4FA}.Release|Any CPU.ActiveCfg = Release|Any CPU
		{6723A228-F5F0-4510-BB6E-A1507304D4FA}.Release|Any CPU.Build.0 = Release|Any CPU
	EndGlobalSection
	GlobalSection(SolutionProperties) = preSolution
		HideSolutionNode = FALSE
	EndGlobalSection
	GlobalSection(ExtensibilityGlobals) = postSolution
		SolutionGuid = {658CCA88-0EDF-4624-98EB-4A5DF54E8957}
	EndGlobalSection
EndGlobal
